
Microsoft Visual Studio Solution File, Format Version 12.00
# Visual Studio Version 17
VisualStudioVersion = 17.14.36518.9 d17.14
MinimumVisualStudioVersion = 10.0.40219.1
Project("{FAE04EC0-301F-11D3-BF4B-00C04F79EFBC}") = "Ejercicio_Semana9_DOO_Ejercicio2", "Ejercicio_Semana9_DOO_Ejercicio2\Ejercicio_Semana9_DOO_Ejercicio2.csproj", "{5A6CC999-A377-4DE7-BDE6-2CB3268E0532}"
EndProject
Global
	GlobalSection(SolutionConfigurationPlatforms) = preSolution
		Debug|Any CPU = Debug|Any CPU
		Release|Any CPU = Release|Any CPU
	EndGlobalSection
	GlobalSection(ProjectConfigurationPlatforms) = postSolution
		{5A6CC999-A377-4DE7-BDE6-2CB3268E0532}.Debug|Any CPU.ActiveCfg = Debug|Any CPU
		{5A6CC999-A377-4DE7-BDE6-2CB3268E0532}.Debug|Any CPU.Build.0 = Debug|Any CPU
		{5A6CC999-A377-4DE7-BDE6-2CB3268E0532}.Release|Any CPU.ActiveCfg = Release|Any CPU
		{5A6CC999-A377-4DE7-BDE6-2CB3268E0532}.Release|Any CPU.Build.0 = Release|Any CPU
	EndGlobalSection
	GlobalSection(SolutionProperties) = preSolution
		HideSolutionNode = FALSE
	EndGlobalSection
	GlobalSection(ExtensibilityGlobals) = postSolution
		SolutionGuid = {939B08DF-AE1F-48F5-B9A5-950E5BD8EDEA}
	EndGlobalSection
EndGlobal
